<Solution>
  <Folder Name="/1-Core/">
    <Project Path="src/FerrumMalleator.Nuntium/FerrumMalleator.Nuntium.csproj" Id="97e00ccb-9b72-42df-853d-b8e266f554bc" />
  </Folder>
  <Folder Name="/2-Persistence/">
    <Project Path="src/FerrumMalleator.Nuntium.Persistence.EntityFramework/FerrumMalleator.Nuntium.Persistence.EntityFramework.csproj" Id="069941cc-7959-4e52-85c7-c2c8d1094a0e" />
  </Folder>
  <Folder Name="/3-Samples/">
    <Project Path="samples/FerrumMalleator.Nuntium.Sample.BasicFlow/FerrumMalleator.Nuntium.Sample.BasicFlow.csproj" Id="2f7f3ad9-70d7-4ccb-9eb7-02e008b4b8a3">
      <Build Solution="Debug|*" Project="false" />
    </Project>
    <Project Path="samples/FerrumMalleator.Nuntium.Sample.SagaFlow/FerrumMalleator.Nuntium.Sample.SagaFlow.csproj" Id="435ca8e0-c02a-47bd-8a21-ff1df20ec0e6" />
    <Project Path="samples/FerrumMalleator.Nuntium.Samples/FerrumMalleator.Nuntium.Samples.csproj" Id="9e292da1-5e76-4721-b52c-f23c812643d7" />
  </Folder>
  <Folder Name="/4-Tests/">
    <Project Path="tests/FerrumMalleator.Nuntium.Tests/FerrumMalleator.Nuntium.Tests.csproj" Id="7d8df8ac-df04-48cf-840a-c26f4913a7ef" />
  </Folder>
</Solution>
